
Microsoft Visual Studio Solution File, Format Version 12.00
# Visual Studio Version 17
VisualStudioVersion = 17.11.35222.181
MinimumVisualStudioVersion = 10.0.40219.1
Project("{FAE04EC0-301F-11D3-BF4B-00C04F79EFBC}") = "Part9", "Part9\Part9.csproj", "{05249849-6D3D-41F2-AFA0-48C3E5C524DF}"
EndProject
Global
	GlobalSection(SolutionConfigurationPlatforms) = preSolution
		Debug|Any CPU = Debug|Any CPU
		Release|Any CPU = Release|Any CPU
	EndGlobalSection
	GlobalSection(ProjectConfigurationPlatforms) = postSolution
		{05249849-6D3D-41F2-AFA0-48C3E5C524DF}.Debug|Any CPU.ActiveCfg = Debug|Any CPU
		{05249849-6D3D-41F2-AFA0-48C3E5C524DF}.Debug|Any CPU.Build.0 = Debug|Any CPU
		{05249849-6D3D-41F2-AFA0-48C3E5C524DF}.Release|Any CPU.ActiveCfg = Release|Any CPU
		{05249849-6D3D-41F2-AFA0-48C3E5C524DF}.Release|Any CPU.Build.0 = Release|Any CPU
	EndGlobalSection
	GlobalSection(SolutionProperties) = preSolution
		HideSolutionNode = FALSE
	EndGlobalSection
	GlobalSection(ExtensibilityGlobals) = postSolution
		SolutionGuid = {8A688AB0-984F-4824-8053-963AE7D43773}
	EndGlobalSection
EndGlobal
